
Microsoft Visual Studio Solution File, Format Version 12.00
# Visual Studio 15
VisualStudioVersion = 15.0.27703.2018
MinimumVisualStudioVersion = 10.0.40219.1
Project("{8BC9CEB8-8B4A-11D0-8D11-00A0C91BC942}") = "code_11_26", "code_11_26\code_11_26.vcxproj", "{2660CCB7-A9AA-490C-9F0E-537D36F11452}"
EndProject
Global
	GlobalSection(SolutionConfigurationPlatforms) = preSolution
		Debug|x64 = Debug|x64
		Debug|x86 = Debug|x86
		Release|x64 = Release|x64
		Release|x86 = Release|x86
	EndGlobalSection
	GlobalSection(ProjectConfigurationPlatforms) = postSolution
		{2660CCB7-A9AA-490C-9F0E-537D36F11452}.Debug|x64.ActiveCfg = Debug|x64
		{2660CCB7-A9AA-490C-9F0E-537D36F11452}.Debug|x64.Build.0 = Debug|x64
		{2660CCB7-A9AA-490C-9F0E-537D36F11452}.Debug|x86.ActiveCfg = Debug|Win32
		{2660CCB7-A9AA-490C-9F0E-537D36F11452}.Debug|x86.Build.0 = Debug|Win32
		{2660CCB7-A9AA-490C-9F0E-537D36F11452}.Release|x64.ActiveCfg = Release|x64
		{2660CCB7-A9AA-490C-9F0E-537D36F11452}.Release|x64.Build.0 = Release|x64
		{2660CCB7-A9AA-490C-9F0E-537D36F11452}.Release|x86.ActiveCfg = Release|Win32
		{2660CCB7-A9AA-490C-9F0E-537D36F11452}.Release|x86.Build.0 = Release|Win32
	EndGlobalSection
	GlobalSection(SolutionProperties) = preSolution
		HideSolutionNode = FALSE
	EndGlobalSection
	GlobalSection(ExtensibilityGlobals) = postSolution
		SolutionGuid = {4B445BF9-0B06-4D05-B710-9CA9C9105DF7}
	EndGlobalSection
EndGlobal
