
Microsoft Visual Studio Solution File, Format Version 12.00
# Visual Studio 15
VisualStudioVersion = 15.0.27703.2018
MinimumVisualStudioVersion = 10.0.40219.1
Project("{8BC9CEB8-8B4A-11D0-8D11-00A0C91BC942}") = "code_11_07", "code_11_07\code_11_07.vcxproj", "{52DAC646-9520-488A-86A8-7DE270B76E42}"
EndProject
Global
	GlobalSection(SolutionConfigurationPlatforms) = preSolution
		Debug|x64 = Debug|x64
		Debug|x86 = Debug|x86
		Release|x64 = Release|x64
		Release|x86 = Release|x86
	EndGlobalSection
	GlobalSection(ProjectConfigurationPlatforms) = postSolution
		{52DAC646-9520-488A-86A8-7DE270B76E42}.Debug|x64.ActiveCfg = Debug|x64
		{52DAC646-9520-488A-86A8-7DE270B76E42}.Debug|x64.Build.0 = Debug|x64
		{52DAC646-9520-488A-86A8-7DE270B76E42}.Debug|x86.ActiveCfg = Debug|Win32
		{52DAC646-9520-488A-86A8-7DE270B76E42}.Debug|x86.Build.0 = Debug|Win32
		{52DAC646-9520-488A-86A8-7DE270B76E42}.Release|x64.ActiveCfg = Release|x64
		{52DAC646-9520-488A-86A8-7DE270B76E42}.Release|x64.Build.0 = Release|x64
		{52DAC646-9520-488A-86A8-7DE270B76E42}.Release|x86.ActiveCfg = Release|Win32
		{52DAC646-9520-488A-86A8-7DE270B76E42}.Release|x86.Build.0 = Release|Win32
	EndGlobalSection
	GlobalSection(SolutionProperties) = preSolution
		HideSolutionNode = FALSE
	EndGlobalSection
	GlobalSection(ExtensibilityGlobals) = postSolution
		SolutionGuid = {89A0A5AD-B879-4A66-BC97-4AD237A597E6}
	EndGlobalSection
EndGlobal
