
Microsoft Visual Studio Solution File, Format Version 12.00
# Visual Studio 15
VisualStudioVersion = 15.0.27703.2018
MinimumVisualStudioVersion = 10.0.40219.1
Project("{8BC9CEB8-8B4A-11D0-8D11-00A0C91BC942}") = "模拟实现strncpy", "模拟实现strncpy\模拟实现strncpy.vcxproj", "{F6A64E10-1F4C-4EAF-BBA0-50096FB06264}"
EndProject
Global
	GlobalSection(SolutionConfigurationPlatforms) = preSolution
		Debug|x64 = Debug|x64
		Debug|x86 = Debug|x86
		Release|x64 = Release|x64
		Release|x86 = Release|x86
	EndGlobalSection
	GlobalSection(ProjectConfigurationPlatforms) = postSolution
		{F6A64E10-1F4C-4EAF-BBA0-50096FB06264}.Debug|x64.ActiveCfg = Debug|x64
		{F6A64E10-1F4C-4EAF-BBA0-50096FB06264}.Debug|x64.Build.0 = Debug|x64
		{F6A64E10-1F4C-4EAF-BBA0-50096FB06264}.Debug|x86.ActiveCfg = Debug|Win32
		{F6A64E10-1F4C-4EAF-BBA0-50096FB06264}.Debug|x86.Build.0 = Debug|Win32
		{F6A64E10-1F4C-4EAF-BBA0-50096FB06264}.Release|x64.ActiveCfg = Release|x64
		{F6A64E10-1F4C-4EAF-BBA0-50096FB06264}.Release|x64.Build.0 = Release|x64
		{F6A64E10-1F4C-4EAF-BBA0-50096FB06264}.Release|x86.ActiveCfg = Release|Win32
		{F6A64E10-1F4C-4EAF-BBA0-50096FB06264}.Release|x86.Build.0 = Release|Win32
	EndGlobalSection
	GlobalSection(SolutionProperties) = preSolution
		HideSolutionNode = FALSE
	EndGlobalSection
	GlobalSection(ExtensibilityGlobals) = postSolution
		SolutionGuid = {179ECE75-E73B-42FC-897B-D360D55D1183}
	EndGlobalSection
EndGlobal
